
Microsoft Visual Studio Solution File, Format Version 12.00
# Visual Studio Version 17
VisualStudioVersion = 17.7.34031.279
MinimumVisualStudioVersion = 10.0.40219.1
Project("{9A19103F-16F7-4668-BE54-9A1E7A4F7556}") = "WeatherInterface", "WeatherInterface\WeatherInterface.csproj", "{1D6F0246-E6C2-40B6-9D3E-6EAA9D613674}"
EndProject
Global
	GlobalSection(SolutionConfigurationPlatforms) = preSolution
		Debug|Any CPU = Debug|Any CPU
		Release|Any CPU = Release|Any CPU
	EndGlobalSection
	GlobalSection(ProjectConfigurationPlatforms) = postSolution
		{1D6F0246-E6C2-40B6-9D3E-6EAA9D613674}.Debug|Any CPU.ActiveCfg = Debug|Any CPU
		{1D6F0246-E6C2-40B6-9D3E-6EAA9D613674}.Debug|Any CPU.Build.0 = Debug|Any CPU
		{1D6F0246-E6C2-40B6-9D3E-6EAA9D613674}.Release|Any CPU.ActiveCfg = Release|Any CPU
		{1D6F0246-E6C2-40B6-9D3E-6EAA9D613674}.Release|Any CPU.Build.0 = Release|Any CPU
	EndGlobalSection
	GlobalSection(SolutionProperties) = preSolution
		HideSolutionNode = FALSE
	EndGlobalSection
	GlobalSection(ExtensibilityGlobals) = postSolution
		SolutionGuid = {15833E30-74C0-41F9-A1F1-F5E977BFE8A0}
	EndGlobalSection
EndGlobal
